
Microsoft Visual Studio Solution File, Format Version 12.00
# Visual Studio Version 17
VisualStudioVersion = 17.5.002.0
MinimumVisualStudioVersion = 10.0.40219.1
Project("{9A19103F-16F7-4668-BE54-9A1E7A4F7556}") = "CatWorx.BadgeMaker", "CatWorx.BadgeMaker.csproj", "{A8AC91C8-4933-433E-A704-2F2A137570CD}"
EndProject
Global
	GlobalSection(SolutionConfigurationPlatforms) = preSolution
		Debug|Any CPU = Debug|Any CPU
		Release|Any CPU = Release|Any CPU
	EndGlobalSection
	GlobalSection(ProjectConfigurationPlatforms) = postSolution
		{A8AC91C8-4933-433E-A704-2F2A137570CD}.Debug|Any CPU.ActiveCfg = Debug|Any CPU
		{A8AC91C8-4933-433E-A704-2F2A137570CD}.Debug|Any CPU.Build.0 = Debug|Any CPU
		{A8AC91C8-4933-433E-A704-2F2A137570CD}.Release|Any CPU.ActiveCfg = Release|Any CPU
		{A8AC91C8-4933-433E-A704-2F2A137570CD}.Release|Any CPU.Build.0 = Release|Any CPU
	EndGlobalSection
	GlobalSection(SolutionProperties) = preSolution
		HideSolutionNode = FALSE
	EndGlobalSection
	GlobalSection(ExtensibilityGlobals) = postSolution
		SolutionGuid = {5861456A-2C48-4639-9A52-5D5DCFF08275}
	EndGlobalSection
EndGlobal
